
Microsoft Visual Studio Solution File, Format Version 12.00
# Visual Studio Version 17
VisualStudioVersion = 17.0.31903.59
MinimumVisualStudioVersion = 10.0.40219.1
Project("{9A19103F-16F7-4668-BE54-9A1E7A4F7556}") = "SportsStore", "SportsStore\SportsStore.csproj", "{9B4AFD2E-FF90-4DB8-B55F-72F7F620A4CB}"
EndProject
Project("{9A19103F-16F7-4668-BE54-9A1E7A4F7556}") = "SportsStore.Tests", "SportsStore.Tests\SportsStore.Tests.csproj", "{6D2634C4-C5C2-408E-9ED9-93B2AD98DD39}"
EndProject
Global
	GlobalSection(SolutionConfigurationPlatforms) = preSolution
		Debug|Any CPU = Debug|Any CPU
		Release|Any CPU = Release|Any CPU
	EndGlobalSection
	GlobalSection(ProjectConfigurationPlatforms) = postSolution
		{9B4AFD2E-FF90-4DB8-B55F-72F7F620A4CB}.Debug|Any CPU.ActiveCfg = Debug|Any CPU
		{9B4AFD2E-FF90-4DB8-B55F-72F7F620A4CB}.Debug|Any CPU.Build.0 = Debug|Any CPU
		{9B4AFD2E-FF90-4DB8-B55F-72F7F620A4CB}.Release|Any CPU.ActiveCfg = Release|Any CPU
		{9B4AFD2E-FF90-4DB8-B55F-72F7F620A4CB}.Release|Any CPU.Build.0 = Release|Any CPU
		{6D2634C4-C5C2-408E-9ED9-93B2AD98DD39}.Debug|Any CPU.ActiveCfg = Debug|Any CPU
		{6D2634C4-C5C2-408E-9ED9-93B2AD98DD39}.Debug|Any CPU.Build.0 = Debug|Any CPU
		{6D2634C4-C5C2-408E-9ED9-93B2AD98DD39}.Release|Any CPU.ActiveCfg = Release|Any CPU
		{6D2634C4-C5C2-408E-9ED9-93B2AD98DD39}.Release|Any CPU.Build.0 = Release|Any CPU
	EndGlobalSection
	GlobalSection(SolutionProperties) = preSolution
		HideSolutionNode = FALSE
	EndGlobalSection
	GlobalSection(ExtensibilityGlobals) = postSolution
		SolutionGuid = {1B6CF0F6-BD73-47E6-B17B-B124FEB9ED0C}
	EndGlobalSection
EndGlobal
