
Microsoft Visual Studio Solution File, Format Version 12.00
# Visual Studio Version 17
VisualStudioVersion = 17.0.31903.59
MinimumVisualStudioVersion = 10.0.40219.1
Project("{2150E333-8FDC-42A3-9474-1A3956D46DE8}") = "src", "src", "{B5D5D3E8-DA25-44DF-A306-2F3ED9ED09A2}"
EndProject
Project("{FAE04EC0-301F-11D3-BF4B-00C04F79EFBC}") = "SportsStore", "src\SportsStore\SportsStore.csproj", "{C5BFD652-0033-4E0A-80AC-1F9FAFB26943}"
EndProject
Project("{2150E333-8FDC-42A3-9474-1A3956D46DE8}") = "tests", "tests", "{7E1C214D-9152-4E29-A55B-2874214C2BAA}"
EndProject
Project("{FAE04EC0-301F-11D3-BF4B-00C04F79EFBC}") = "SportsStore.Tests", "tests\SportsStore.Tests\SportsStore.Tests.csproj", "{B8B17764-6465-4D69-A929-59E3DBF06C7C}"
EndProject
Global
	GlobalSection(SolutionConfigurationPlatforms) = preSolution
		Debug|Any CPU = Debug|Any CPU
		Release|Any CPU = Release|Any CPU
	EndGlobalSection
	GlobalSection(SolutionProperties) = preSolution
		HideSolutionNode = FALSE
	EndGlobalSection
	GlobalSection(ProjectConfigurationPlatforms) = postSolution
		{C5BFD652-0033-4E0A-80AC-1F9FAFB26943}.Debug|Any CPU.ActiveCfg = Debug|Any CPU
		{C5BFD652-0033-4E0A-80AC-1F9FAFB26943}.Debug|Any CPU.Build.0 = Debug|Any CPU
		{C5BFD652-0033-4E0A-80AC-1F9FAFB26943}.Release|Any CPU.ActiveCfg = Release|Any CPU
		{C5BFD652-0033-4E0A-80AC-1F9FAFB26943}.Release|Any CPU.Build.0 = Release|Any CPU
		{B8B17764-6465-4D69-A929-59E3DBF06C7C}.Debug|Any CPU.ActiveCfg = Debug|Any CPU
		{B8B17764-6465-4D69-A929-59E3DBF06C7C}.Debug|Any CPU.Build.0 = Debug|Any CPU
		{B8B17764-6465-4D69-A929-59E3DBF06C7C}.Release|Any CPU.ActiveCfg = Release|Any CPU
		{B8B17764-6465-4D69-A929-59E3DBF06C7C}.Release|Any CPU.Build.0 = Release|Any CPU
	EndGlobalSection
	GlobalSection(NestedProjects) = preSolution
		{C5BFD652-0033-4E0A-80AC-1F9FAFB26943} = {B5D5D3E8-DA25-44DF-A306-2F3ED9ED09A2}
		{B8B17764-6465-4D69-A929-59E3DBF06C7C} = {7E1C214D-9152-4E29-A55B-2874214C2BAA}
	EndGlobalSection
EndGlobal
